
Microsoft Visual Studio Solution File, Format Version 12.00
# Visual Studio 15
VisualStudioVersion = 15.0.28010.2019
MinimumVisualStudioVersion = 10.0.40219.1
Project("{FAE04EC0-301F-11D3-BF4B-00C04F79EFBC}") = "TwitchLib.Unity.Shared", "TwitchLib.Unity.Shared\TwitchLib.Unity.Shared.csproj", "{214B3B05-ACAA-4740-9BA3-1D6A9C6BDC36}"
EndProject
Global
	GlobalSection(SolutionConfigurationPlatforms) = preSolution
		Debug|Any CPU = Debug|Any CPU
		Release|Any CPU = Release|Any CPU
	EndGlobalSection
	GlobalSection(ProjectConfigurationPlatforms) = postSolution
		{214B3B05-ACAA-4740-9BA3-1D6A9C6BDC36}.Debug|Any CPU.ActiveCfg = Debug|Any CPU
		{214B3B05-ACAA-4740-9BA3-1D6A9C6BDC36}.Debug|Any CPU.Build.0 = Debug|Any CPU
		{214B3B05-ACAA-4740-9BA3-1D6A9C6BDC36}.Release|Any CPU.ActiveCfg = Release|Any CPU
		{214B3B05-ACAA-4740-9BA3-1D6A9C6BDC36}.Release|Any CPU.Build.0 = Release|Any CPU
	EndGlobalSection
	GlobalSection(SolutionProperties) = preSolution
		HideSolutionNode = FALSE
	EndGlobalSection
	GlobalSection(ExtensibilityGlobals) = postSolution
		SolutionGuid = {48F5B19A-7D8A-4C3D-8284-A0B65288BC32}
	EndGlobalSection
EndGlobal
